
Microsoft Visual Studio Solution File, Format Version 12.00
# Visual Studio Version 17
VisualStudioVersion = 17.7.34031.279
MinimumVisualStudioVersion = 10.0.40219.1
Project("{FAE04EC0-301F-11D3-BF4B-00C04F79EFBC}") = "WebDriverProvider", "WebDriverProvider\WebDriverProvider.csproj", "{5C53D477-A3EA-4967-83AB-975C99FF6467}"
EndProject
Project("{FAE04EC0-301F-11D3-BF4B-00C04F79EFBC}") = "ConfigurationProvider", "ConfigurationProvider\ConfigurationProvider.csproj", "{B37A0E24-1A92-42E5-8328-FC5B949E4E6D}"
EndProject
Project("{FAE04EC0-301F-11D3-BF4B-00C04F79EFBC}") = "TestSolution", "TestSolution\TestSolution.csproj", "{968CD1B9-E6AF-400A-ADCC-7DE01E6967C8}"
EndProject
Global
	GlobalSection(SolutionConfigurationPlatforms) = preSolution
		Debug|Any CPU = Debug|Any CPU
		Release|Any CPU = Release|Any CPU
	EndGlobalSection
	GlobalSection(ProjectConfigurationPlatforms) = postSolution
		{5C53D477-A3EA-4967-83AB-975C99FF6467}.Debug|Any CPU.ActiveCfg = Debug|Any CPU
		{5C53D477-A3EA-4967-83AB-975C99FF6467}.Debug|Any CPU.Build.0 = Debug|Any CPU
		{5C53D477-A3EA-4967-83AB-975C99FF6467}.Release|Any CPU.ActiveCfg = Release|Any CPU
		{5C53D477-A3EA-4967-83AB-975C99FF6467}.Release|Any CPU.Build.0 = Release|Any CPU
		{B37A0E24-1A92-42E5-8328-FC5B949E4E6D}.Debug|Any CPU.ActiveCfg = Debug|Any CPU
		{B37A0E24-1A92-42E5-8328-FC5B949E4E6D}.Debug|Any CPU.Build.0 = Debug|Any CPU
		{B37A0E24-1A92-42E5-8328-FC5B949E4E6D}.Release|Any CPU.ActiveCfg = Release|Any CPU
		{B37A0E24-1A92-42E5-8328-FC5B949E4E6D}.Release|Any CPU.Build.0 = Release|Any CPU
		{968CD1B9-E6AF-400A-ADCC-7DE01E6967C8}.Debug|Any CPU.ActiveCfg = Debug|Any CPU
		{968CD1B9-E6AF-400A-ADCC-7DE01E6967C8}.Debug|Any CPU.Build.0 = Debug|Any CPU
		{968CD1B9-E6AF-400A-ADCC-7DE01E6967C8}.Release|Any CPU.ActiveCfg = Release|Any CPU
		{968CD1B9-E6AF-400A-ADCC-7DE01E6967C8}.Release|Any CPU.Build.0 = Release|Any CPU
	EndGlobalSection
	GlobalSection(SolutionProperties) = preSolution
		HideSolutionNode = FALSE
	EndGlobalSection
	GlobalSection(ExtensibilityGlobals) = postSolution
		SolutionGuid = {FAFA0A37-D849-4C8B-9CB5-5DFA4BD6130D}
	EndGlobalSection
EndGlobal
